<?xml version="1.0" encoding="utf-8"?>
<Project ToolsVersion="4.0" xmlns="http://schemas.microsoft.com/developer/msbuild/2003">
  <ItemGroup>
    <Filter Include="리소스 파일">
      <UniqueIdentifier>{67DA6AB6-F800-4c08-8B7A-83BB121AAD01}</UniqueIdentifier>
      <Extensions>rc;ico;cur;bmp;dlg;rc2;rct;bin;rgs;gif;jpg;jpeg;jpe;resx;tiff;tif;png;wav;mfcribbon-ms</Extensions>
    </Filter>
    <Filter Include="Classes">
      <UniqueIdentifier>{59ca151c-4a52-47b9-8afd-a62aacf5c9d4}</UniqueIdentifier>
    </Filter>
    <Filter Include="Classes\Global">
      <UniqueIdentifier>{d7a24ba4-668b-456e-8b1d-24068d2d360e}</UniqueIdentifier>
    </Filter>
    <Filter Include="Classes\Global\Define">
      <UniqueIdentifier>{047cab08-db5d-4924-b024-5df952d002f9}</UniqueIdentifier>
    </Filter>
    <Filter Include="Classes\E01_C++기초">
      <UniqueIdentifier>{ccc23651-fff9-4f4f-96a9-7747f9d8616c}</UniqueIdentifier>
    </Filter>
    <Filter Include="Classes\E02_함수오버로딩 레퍼런스">
      <UniqueIdentifier>{2ff55c43-4dcc-432f-a696-7ebb542c0e85}</UniqueIdentifier>
    </Filter>
    <Filter Include="Classes\E03_클래스">
      <UniqueIdentifier>{1bce63a4-b8d7-41f4-b3d9-3efcb5760164}</UniqueIdentifier>
    </Filter>
  </ItemGroup>
  <ItemGroup>
    <ClInclude Include="Classes\Global\Define\KGDefine.h">
      <Filter>Classes\Global\Define</Filter>
    </ClInclude>
    <ClInclude Include="Classes\E01\E01.h">
      <Filter>Classes\E01_C++기초</Filter>
    </ClInclude>
    <ClInclude Include="Classes\E02\E02.h">
      <Filter>Classes\E02_함수오버로딩 레퍼런스</Filter>
    </ClInclude>
    <ClInclude Include="Classes\E03\E03.h">
      <Filter>Classes\E03_클래스</Filter>
    </ClInclude>
  </ItemGroup>
  <ItemGroup>
    <ClCompile Include="Classes\ExampleCPlus.cpp">
      <Filter>Classes</Filter>
    </ClCompile>
    <ClCompile Include="Classes\E01\E01.cpp">
      <Filter>Classes\E01_C++기초</Filter>
    </ClCompile>
    <ClCompile Include="Classes\E02\E02.cpp">
      <Filter>Classes\E02_함수오버로딩 레퍼런스</Filter>
    </ClCompile>
    <ClCompile Include="Classes\E03\E03.cpp">
      <Filter>Classes\E03_클래스</Filter>
    </ClCompile>
  </ItemGroup>
  <ItemGroup>
    <None Include="Classes\E02\E02.inl">
      <Filter>Classes\E02_함수오버로딩 레퍼런스</Filter>
    </None>
  </ItemGroup>
</Project>