<?xml version="1.0" encoding="utf-8"?>
<Project ToolsVersion="4.0" xmlns="http://schemas.microsoft.com/developer/msbuild/2003">
  <ItemGroup>
    <Filter Include="리소스 파일">
      <UniqueIdentifier>{67DA6AB6-F800-4c08-8B7A-83BB121AAD01}</UniqueIdentifier>
      <Extensions>rc;ico;cur;bmp;dlg;rc2;rct;bin;rgs;gif;jpg;jpeg;jpe;resx;tiff;tif;png;wav;mfcribbon-ms</Extensions>
    </Filter>
    <Filter Include="Classes">
      <UniqueIdentifier>{59ca151c-4a52-47b9-8afd-a62aacf5c9d4}</UniqueIdentifier>
    </Filter>
    <Filter Include="Classes\Global">
      <UniqueIdentifier>{d7a24ba4-668b-456e-8b1d-24068d2d360e}</UniqueIdentifier>
    </Filter>
    <Filter Include="Classes\Global\Define">
      <UniqueIdentifier>{047cab08-db5d-4924-b024-5df952d002f9}</UniqueIdentifier>
    </Filter>
    <Filter Include="Classes\E01_C++기초">
      <UniqueIdentifier>{ccc23651-fff9-4f4f-96a9-7747f9d8616c}</UniqueIdentifier>
    </Filter>
    <Filter Include="Classes\E02_함수오버로딩 레퍼런스">
      <UniqueIdentifier>{2ff55c43-4dcc-432f-a696-7ebb542c0e85}</UniqueIdentifier>
    </Filter>
    <Filter Include="Classes\E03_클래스">
      <UniqueIdentifier>{1bce63a4-b8d7-41f4-b3d9-3efcb5760164}</UniqueIdentifier>
    </Filter>
    <Filter Include="Classes\E04_상속">
      <UniqueIdentifier>{d97e2010-0e14-460d-ae89-5316908d3c59}</UniqueIdentifier>
    </Filter>
    <Filter Include="Classes\E05 클래스 맴버 싱글톤">
      <UniqueIdentifier>{097fc8ee-11f4-454c-8263-26ca82fd452e}</UniqueIdentifier>
    </Filter>
    <Filter Include="Classes\E06 연산자 오버로딩">
      <UniqueIdentifier>{0145c536-9297-4d08-a9e1-3ae22111886b}</UniqueIdentifier>
    </Filter>
    <Filter Include="Classes\E07 템플릿">
      <UniqueIdentifier>{f826415e-0724-4069-bbc6-f7b04a0577b5}</UniqueIdentifier>
    </Filter>
    <Filter Include="Classes\E08 C++11">
      <UniqueIdentifier>{581622b4-dff5-45a4-9535-65111d273f97}</UniqueIdentifier>
    </Filter>
    <Filter Include="Classes\E09 STL">
      <UniqueIdentifier>{aeb1807a-009e-483b-b3e9-7ba2f41d2ef3}</UniqueIdentifier>
    </Filter>
  </ItemGroup>
  <ItemGroup>
    <ClInclude Include="Classes\Global\Define\KGDefine.h">
      <Filter>Classes\Global\Define</Filter>
    </ClInclude>
    <ClInclude Include="Classes\E01\E01.h">
      <Filter>Classes\E01_C++기초</Filter>
    </ClInclude>
    <ClInclude Include="Classes\E02\E02.h">
      <Filter>Classes\E02_함수오버로딩 레퍼런스</Filter>
    </ClInclude>
    <ClInclude Include="Classes\E03\E03.h">
      <Filter>Classes\E03_클래스</Filter>
    </ClInclude>
    <ClInclude Include="Classes\E04\E04.h">
      <Filter>Classes\E04_상속</Filter>
    </ClInclude>
    <ClInclude Include="Classes\E05\E05.h">
      <Filter>Classes\E05 클래스 맴버 싱글톤</Filter>
    </ClInclude>
    <ClInclude Include="Classes\E06\E06.h">
      <Filter>Classes\E06 연산자 오버로딩</Filter>
    </ClInclude>
    <ClInclude Include="Classes\E07\E07.h">
      <Filter>Classes\E07 템플릿</Filter>
    </ClInclude>
    <ClInclude Include="Classes\E08\E08.h">
      <Filter>Classes\E08 C++11</Filter>
    </ClInclude>
    <ClInclude Include="Classes\E09\E09.h">
      <Filter>Classes\E09 STL</Filter>
    </ClInclude>
  </ItemGroup>
  <ItemGroup>
    <ClCompile Include="Classes\ExampleCPlus.cpp">
      <Filter>Classes</Filter>
    </ClCompile>
    <ClCompile Include="Classes\E01\E01.cpp">
      <Filter>Classes\E01_C++기초</Filter>
    </ClCompile>
    <ClCompile Include="Classes\E02\E02.cpp">
      <Filter>Classes\E02_함수오버로딩 레퍼런스</Filter>
    </ClCompile>
    <ClCompile Include="Classes\E03\E03.cpp">
      <Filter>Classes\E03_클래스</Filter>
    </ClCompile>
    <ClCompile Include="Classes\E04\E04.cpp">
      <Filter>Classes\E04_상속</Filter>
    </ClCompile>
    <ClCompile Include="Classes\E05\E05.cpp">
      <Filter>Classes\E05 클래스 맴버 싱글톤</Filter>
    </ClCompile>
    <ClCompile Include="Classes\E06\E06.cpp">
      <Filter>Classes\E06 연산자 오버로딩</Filter>
    </ClCompile>
    <ClCompile Include="Classes\E07\E07.cpp">
      <Filter>Classes\E07 템플릿</Filter>
    </ClCompile>
    <ClCompile Include="Classes\E08\E08.cpp">
      <Filter>Classes\E08 C++11</Filter>
    </ClCompile>
    <ClCompile Include="Classes\E09\E09.cpp">
      <Filter>Classes\E09 STL</Filter>
    </ClCompile>
  </ItemGroup>
  <ItemGroup>
    <None Include="Classes\E02\E02.inl">
      <Filter>Classes\E02_함수오버로딩 레퍼런스</Filter>
    </None>
  </ItemGroup>
</Project>