<?xml version="1.0" encoding="utf-8"?>
<Project ToolsVersion="4.0" xmlns="http://schemas.microsoft.com/developer/msbuild/2003">
  <ItemGroup>
    <Filter Include="Systems">
      <UniqueIdentifier>{9aefe99f-3ae6-4316-9dd6-859da9beffaf}</UniqueIdentifier>
    </Filter>
  </ItemGroup>
  <ItemGroup>
    <ClInclude Include="stdafx.h" />
    <ClInclude Include="Systems\Window.h">
      <Filter>Systems</Filter>
    </ClInclude>
    <ClInclude Include="Systems\Graphics.h">
      <Filter>Systems</Filter>
    </ClInclude>
  </ItemGroup>
  <ItemGroup>
    <ClCompile Include="Systems\Window.cpp">
      <Filter>Systems</Filter>
    </ClCompile>
    <ClCompile Include="Systems\Graphics.cpp">
      <Filter>Systems</Filter>
    </ClCompile>
    <ClCompile Include="Systems\main.cpp" />
  </ItemGroup>
</Project>