
Microsoft Visual Studio Solution File, Format Version 12.00
# Visual Studio Version 16
VisualStudioVersion = 16.0.30907.101
MinimumVisualStudioVersion = 10.0.40219.1
Project("{8BC9CEB8-8B4A-11D0-8D11-00A0C91BC942}") = "ClassTemplate", "ClassTemplate.vcxproj", "{5B86F1AD-5DE6-4588-B44D-D43E88549F29}"
EndProject
Global
	GlobalSection(SolutionConfigurationPlatforms) = preSolution
		Debug|x64 = Debug|x64
		Debug|x86 = Debug|x86
		Release|x64 = Release|x64
		Release|x86 = Release|x86
	EndGlobalSection
	GlobalSection(ProjectConfigurationPlatforms) = postSolution
		{5B86F1AD-5DE6-4588-B44D-D43E88549F29}.Debug|x64.ActiveCfg = Debug|x64
		{5B86F1AD-5DE6-4588-B44D-D43E88549F29}.Debug|x64.Build.0 = Debug|x64
		{5B86F1AD-5DE6-4588-B44D-D43E88549F29}.Debug|x86.ActiveCfg = Debug|Win32
		{5B86F1AD-5DE6-4588-B44D-D43E88549F29}.Debug|x86.Build.0 = Debug|Win32
		{5B86F1AD-5DE6-4588-B44D-D43E88549F29}.Release|x64.ActiveCfg = Release|x64
		{5B86F1AD-5DE6-4588-B44D-D43E88549F29}.Release|x64.Build.0 = Release|x64
		{5B86F1AD-5DE6-4588-B44D-D43E88549F29}.Release|x86.ActiveCfg = Release|Win32
		{5B86F1AD-5DE6-4588-B44D-D43E88549F29}.Release|x86.Build.0 = Release|Win32
	EndGlobalSection
	GlobalSection(SolutionProperties) = preSolution
		HideSolutionNode = FALSE
	EndGlobalSection
	GlobalSection(ExtensibilityGlobals) = postSolution
		SolutionGuid = {7E0FD21E-5BA3-4BEF-814B-3000DBF231D0}
	EndGlobalSection
EndGlobal
