<?xml version="1.0" encoding="utf-8"?>
<Project ToolsVersion="4.0" xmlns="http://schemas.microsoft.com/developer/msbuild/2003">
  <ItemGroup>
    <Filter Include="리소스 파일">
      <UniqueIdentifier>{67DA6AB6-F800-4c08-8B7A-83BB121AAD01}</UniqueIdentifier>
      <Extensions>rc;ico;cur;bmp;dlg;rc2;rct;bin;rgs;gif;jpg;jpeg;jpe;resx;tiff;tif;png;wav;mfcribbon-ms</Extensions>
    </Filter>
    <Filter Include="Classes">
      <UniqueIdentifier>{b3087c93-1635-4e0a-a007-8789b31953f8}</UniqueIdentifier>
    </Filter>
    <Filter Include="Classes\Global">
      <UniqueIdentifier>{3df331a9-cc59-4538-acf9-93bd43f5f195}</UniqueIdentifier>
    </Filter>
    <Filter Include="Classes\Global\Define">
      <UniqueIdentifier>{9e2a50f7-4227-4d3e-bcd8-69222d70e0ab}</UniqueIdentifier>
    </Filter>
    <Filter Include="Classes\E01_C기초">
      <UniqueIdentifier>{e1071af3-451f-4ff1-9392-32e55bec5ca7}</UniqueIdentifier>
    </Filter>
    <Filter Include="Classes\E02_자료형 변수 상수 데이터 입/출력">
      <UniqueIdentifier>{3085d361-df2a-4e49-9717-abd03bec2d36}</UniqueIdentifier>
    </Filter>
    <Filter Include="Classes\E03_연산자">
      <UniqueIdentifier>{6ec72c3f-44cf-47c0-be73-1a6ea728fa44}</UniqueIdentifier>
    </Filter>
    <Filter Include="Classes\E04_조건문">
      <UniqueIdentifier>{c2e6bcf2-5824-4736-9778-67df719f06af}</UniqueIdentifier>
    </Filter>
  </ItemGroup>
  <ItemGroup>
    <ClInclude Include="Classes\Global\Define\KGDefine.h">
      <Filter>Classes\Global\Define</Filter>
    </ClInclude>
    <ClInclude Include="Classes\E01\E01.h">
      <Filter>Classes\E01_C기초</Filter>
    </ClInclude>
    <ClInclude Include="Classes\E02\E02.h">
      <Filter>Classes\E02_자료형 변수 상수 데이터 입/출력</Filter>
    </ClInclude>
    <ClInclude Include="E03.h">
      <Filter>Classes\E03_연산자</Filter>
    </ClInclude>
    <ClInclude Include="E04.h">
      <Filter>Classes\E04_조건문</Filter>
    </ClInclude>
  </ItemGroup>
  <ItemGroup>
    <ClCompile Include="Classes\Example.cpp">
      <Filter>Classes</Filter>
    </ClCompile>
    <ClCompile Include="Classes\E01\E01.cpp">
      <Filter>Classes\E01_C기초</Filter>
    </ClCompile>
    <ClCompile Include="Classes\E02\E02.cpp">
      <Filter>Classes\E02_자료형 변수 상수 데이터 입/출력</Filter>
    </ClCompile>
    <ClCompile Include="Classes\E03\E03.cpp">
      <Filter>Classes\E03_연산자</Filter>
    </ClCompile>
    <ClCompile Include="Classes\E04\E04.cpp">
      <Filter>Classes\E04_조건문</Filter>
    </ClCompile>
  </ItemGroup>
</Project>