
Microsoft Visual Studio Solution File, Format Version 12.00
# Visual Studio Version 16
VisualStudioVersion = 16.0.32630.194
MinimumVisualStudioVersion = 10.0.40219.1
Project("{FAE04EC0-301F-11D3-BF4B-00C04F79EFBC}") = "CodingTestTemplate", "CodingTestTemplate\CodingTestTemplate.csproj", "{6F5D105C-12AC-455C-8B58-F24996FA8947}"
EndProject
Global
	GlobalSection(SolutionConfigurationPlatforms) = preSolution
		Debug|Any CPU = Debug|Any CPU
		Release|Any CPU = Release|Any CPU
	EndGlobalSection
	GlobalSection(ProjectConfigurationPlatforms) = postSolution
		{6F5D105C-12AC-455C-8B58-F24996FA8947}.Debug|Any CPU.ActiveCfg = Debug|Any CPU
		{6F5D105C-12AC-455C-8B58-F24996FA8947}.Debug|Any CPU.Build.0 = Debug|Any CPU
		{6F5D105C-12AC-455C-8B58-F24996FA8947}.Release|Any CPU.ActiveCfg = Release|Any CPU
		{6F5D105C-12AC-455C-8B58-F24996FA8947}.Release|Any CPU.Build.0 = Release|Any CPU
	EndGlobalSection
	GlobalSection(SolutionProperties) = preSolution
		HideSolutionNode = FALSE
	EndGlobalSection
	GlobalSection(ExtensibilityGlobals) = postSolution
		SolutionGuid = {35B4D99C-FA02-413F-A4EC-3FEB914145B8}
	EndGlobalSection
EndGlobal
