<?xml version="1.0" encoding="utf-8"?>
<Project ToolsVersion="4.0" xmlns="http://schemas.microsoft.com/developer/msbuild/2003">
  <ItemGroup>
    <Filter Include="리소스 파일">
      <UniqueIdentifier>{67DA6AB6-F800-4c08-8B7A-83BB121AAD01}</UniqueIdentifier>
      <Extensions>rc;ico;cur;bmp;dlg;rc2;rct;bin;rgs;gif;jpg;jpeg;jpe;resx;tiff;tif;png;wav;mfcribbon-ms</Extensions>
    </Filter>
    <Filter Include="Classes">
      <UniqueIdentifier>{cea00df8-5b84-4fe3-8050-21646aa1f0cc}</UniqueIdentifier>
    </Filter>
    <Filter Include="Classes\Global">
      <UniqueIdentifier>{79731dab-914a-4e61-a5ad-8625ba5b63db}</UniqueIdentifier>
    </Filter>
    <Filter Include="Classes\Global\Define">
      <UniqueIdentifier>{08c51ec5-83ed-48d3-a98c-04f575c9b918}</UniqueIdentifier>
    </Filter>
    <Filter Include="Classes\P01">
      <UniqueIdentifier>{f1283f66-68eb-4535-86c7-51c72b37d4d1}</UniqueIdentifier>
    </Filter>
  </ItemGroup>
  <ItemGroup>
    <ClInclude Include="PracticeCPlus\Classes\Global\Define\KGDefine.h">
      <Filter>Classes\Global\Define</Filter>
    </ClInclude>
    <ClInclude Include="PracticeCPlus\Classes\P01\P01.h">
      <Filter>Classes\P01</Filter>
    </ClInclude>
  </ItemGroup>
  <ItemGroup>
    <ClCompile Include="PracticeCPlus\Classes\PracticeCPlus.cpp">
      <Filter>Classes</Filter>
    </ClCompile>
    <ClCompile Include="PracticeCPlus\Classes\P01\P01.cpp">
      <Filter>Classes\P01</Filter>
    </ClCompile>
  </ItemGroup>
</Project>